<?xml version="1.0" encoding="utf-8"?>
<Project ToolsVersion="4.0" xmlns="http://schemas.microsoft.com/developer/msbuild/2003">
  <ItemGroup>
    <Filter Include="Исходные файлы">
      <UniqueIdentifier>{4FC737F1-C7A5-4376-A066-2A32D752A2FF}</UniqueIdentifier>
      <Extensions>cpp;c;cc;cxx;c++;cppm;ixx;def;odl;idl;hpj;bat;asm;asmx</Extensions>
    </Filter>
    <Filter Include="Файлы заголовков">
      <UniqueIdentifier>{93995380-89BD-4b04-88EB-625FBE52EBFB}</UniqueIdentifier>
      <Extensions>h;hh;hpp;hxx;h++;hm;inl;inc;ipp;xsd</Extensions>
    </Filter>
    <Filter Include="Файлы ресурсов">
      <UniqueIdentifier>{67DA6AB6-F800-4c08-8B7A-83BB121AAD01}</UniqueIdentifier>
      <Extensions>rc;ico;cur;bmp;dlg;rc2;rct;bin;rgs;gif;jpg;jpeg;jpe;resx;tiff;tif;png;wav;mfcribbon-ms</Extensions>
    </Filter>
    <Filter Include="Исходные файлы\Классы">
      <UniqueIdentifier>{e7aa3a6f-8107-4253-9ded-ce427a5e82e8}</UniqueIdentifier>
    </Filter>
    <Filter Include="Исходные файлы\Модули">
      <UniqueIdentifier>{be8bd5df-d3da-42c3-96c6-553bfc309fe9}</UniqueIdentifier>
    </Filter>
    <Filter Include="Файлы заголовков\Классы">
      <UniqueIdentifier>{4609cc92-b8f2-4ea7-88b4-7b021820f6dc}</UniqueIdentifier>
    </Filter>
    <Filter Include="Файлы заголовков\Модули">
      <UniqueIdentifier>{4219e2cd-54ba-4f2a-9901-8e15f1677520}</UniqueIdentifier>
    </Filter>
  </ItemGroup>
  <ItemGroup>
    <ClCompile Include="Task№2(variant №28).cpp">
      <Filter>Исходные файлы</Filter>
    </ClCompile>
    <ClCompile Include="Input.cpp">
      <Filter>Исходные файлы\Модули</Filter>
    </ClCompile>
    <ClCompile Include="DynamicMatrix.cpp">
      <Filter>Исходные файлы\Классы</Filter>
    </ClCompile>
  </ItemGroup>
  <ItemGroup>
    <Text Include="Menu.txt">
      <Filter>Файлы ресурсов</Filter>
    </Text>
  </ItemGroup>
  <ItemGroup>
    <ClInclude Include="Input.h">
      <Filter>Файлы заголовков\Модули</Filter>
    </ClInclude>
    <ClInclude Include="DynamicMatrix.h">
      <Filter>Файлы заголовков\Классы</Filter>
    </ClInclude>
  </ItemGroup>
</Project>