<?xml version="1.0" encoding="utf-8"?>
<Project ToolsVersion="4.0" xmlns="http://schemas.microsoft.com/developer/msbuild/2003">
  <ItemGroup>
    <Filter Include="Исходные файлы">
      <UniqueIdentifier>{4FC737F1-C7A5-4376-A066-2A32D752A2FF}</UniqueIdentifier>
      <Extensions>cpp;c;cc;cxx;c++;cppm;ixx;def;odl;idl;hpj;bat;asm;asmx</Extensions>
    </Filter>
    <Filter Include="Файлы заголовков">
      <UniqueIdentifier>{93995380-89BD-4b04-88EB-625FBE52EBFB}</UniqueIdentifier>
      <Extensions>h;hh;hpp;hxx;h++;hm;inl;inc;ipp;xsd</Extensions>
    </Filter>
    <Filter Include="Файлы ресурсов">
      <UniqueIdentifier>{67DA6AB6-F800-4c08-8B7A-83BB121AAD01}</UniqueIdentifier>
      <Extensions>rc;ico;cur;bmp;dlg;rc2;rct;bin;rgs;gif;jpg;jpeg;jpe;resx;tiff;tif;png;wav;mfcribbon-ms</Extensions>
    </Filter>
    <Filter Include="Исходные файлы\Модули">
      <UniqueIdentifier>{bae07f1c-2238-4f44-bd5b-3293a327ac3c}</UniqueIdentifier>
    </Filter>
    <Filter Include="Исходные файлы\Классы">
      <UniqueIdentifier>{2cebefea-aacc-43b2-949a-4e5410b676f4}</UniqueIdentifier>
    </Filter>
    <Filter Include="Файлы заголовков\Модули">
      <UniqueIdentifier>{fcbfe450-ef31-413f-83af-d9d46536d0fc}</UniqueIdentifier>
    </Filter>
    <Filter Include="Файлы заголовков\Классы">
      <UniqueIdentifier>{10a5505e-6e8f-4da0-aa0a-336cec46e675}</UniqueIdentifier>
    </Filter>
  </ItemGroup>
  <ItemGroup>
    <ClCompile Include="SinglyLinkedList.cpp">
      <Filter>Исходные файлы</Filter>
    </ClCompile>
    <ClCompile Include="Input.cpp">
      <Filter>Исходные файлы\Модули</Filter>
    </ClCompile>
    <ClCompile Include="ListHandler.cpp">
      <Filter>Исходные файлы</Filter>
    </ClCompile>
  </ItemGroup>
  <ItemGroup>
    <ClInclude Include="Input.h">
      <Filter>Файлы заголовков\Модули</Filter>
    </ClInclude>
    <ClInclude Include="List.h">
      <Filter>Файлы заголовков\Классы</Filter>
    </ClInclude>
    <ClInclude Include="ListHandler.h">
      <Filter>Файлы заголовков</Filter>
    </ClInclude>
  </ItemGroup>
</Project>