<?xml version="1.0" encoding="utf-8"?>
<Project ToolsVersion="4.0" xmlns="http://schemas.microsoft.com/developer/msbuild/2003">
  <ItemGroup>
    <Filter Include="Исходные файлы">
      <UniqueIdentifier>{4FC737F1-C7A5-4376-A066-2A32D752A2FF}</UniqueIdentifier>
      <Extensions>cpp;c;cc;cxx;c++;cppm;ixx;def;odl;idl;hpj;bat;asm;asmx</Extensions>
    </Filter>
    <Filter Include="Файлы заголовков">
      <UniqueIdentifier>{93995380-89BD-4b04-88EB-625FBE52EBFB}</UniqueIdentifier>
      <Extensions>h;hh;hpp;hxx;h++;hm;inl;inc;ipp;xsd</Extensions>
    </Filter>
    <Filter Include="Файлы ресурсов">
      <UniqueIdentifier>{67DA6AB6-F800-4c08-8B7A-83BB121AAD01}</UniqueIdentifier>
      <Extensions>rc;ico;cur;bmp;dlg;rc2;rct;bin;rgs;gif;jpg;jpeg;jpe;resx;tiff;tif;png;wav;mfcribbon-ms</Extensions>
    </Filter>
    <Filter Include="Файлы заголовков\Модули">
      <UniqueIdentifier>{cde8566f-c651-463a-bd7e-2fcf2706e6d3}</UniqueIdentifier>
    </Filter>
    <Filter Include="Файлы заголовков\Классы">
      <UniqueIdentifier>{3662f2d7-e9c4-4b7d-848c-bdec0c129073}</UniqueIdentifier>
    </Filter>
    <Filter Include="Исходные файлы\Классы">
      <UniqueIdentifier>{10ad1752-dcff-4892-b359-a397cf6c1146}</UniqueIdentifier>
    </Filter>
    <Filter Include="Исходные файлы\Модули">
      <UniqueIdentifier>{a39719c8-57c7-47b1-8f9b-269850f4a273}</UniqueIdentifier>
    </Filter>
  </ItemGroup>
  <ItemGroup>
    <ClCompile Include="Task№2(variant №28).cpp">
      <Filter>Исходные файлы</Filter>
    </ClCompile>
    <ClCompile Include="UserInput.cpp">
      <Filter>Исходные файлы\Модули</Filter>
    </ClCompile>
    <ClCompile Include="WordExtractor.cpp">
      <Filter>Исходные файлы\Классы</Filter>
    </ClCompile>
  </ItemGroup>
  <ItemGroup>
    <ClInclude Include="UserInput.h">
      <Filter>Файлы заголовков\Модули</Filter>
    </ClInclude>
    <ClInclude Include="WordExtractor.h">
      <Filter>Файлы заголовков\Классы</Filter>
    </ClInclude>
  </ItemGroup>
  <ItemGroup>
    <Text Include="MainMenu.txt">
      <Filter>Файлы ресурсов</Filter>
    </Text>
    <Text Include="Input.txt">
      <Filter>Файлы ресурсов</Filter>
    </Text>
  </ItemGroup>
</Project>