<?xml version="1.0" encoding="utf-8"?>
<Project ToolsVersion="4.0" xmlns="http://schemas.microsoft.com/developer/msbuild/2003">
  <ItemGroup>
    <Filter Include="Исходные файлы">
      <UniqueIdentifier>{4FC737F1-C7A5-4376-A066-2A32D752A2FF}</UniqueIdentifier>
      <Extensions>cpp;c;cc;cxx;c++;cppm;ixx;def;odl;idl;hpj;bat;asm;asmx</Extensions>
    </Filter>
    <Filter Include="Файлы заголовков">
      <UniqueIdentifier>{93995380-89BD-4b04-88EB-625FBE52EBFB}</UniqueIdentifier>
      <Extensions>h;hh;hpp;hxx;h++;hm;inl;inc;ipp;xsd</Extensions>
    </Filter>
    <Filter Include="Файлы ресурсов">
      <UniqueIdentifier>{67DA6AB6-F800-4c08-8B7A-83BB121AAD01}</UniqueIdentifier>
      <Extensions>rc;ico;cur;bmp;dlg;rc2;rct;bin;rgs;gif;jpg;jpeg;jpe;resx;tiff;tif;png;wav;mfcribbon-ms</Extensions>
    </Filter>
    <Filter Include="Исходные файлы\Классы">
      <UniqueIdentifier>{355616f8-be9a-48d3-81fc-0b2c5f6d1f70}</UniqueIdentifier>
    </Filter>
    <Filter Include="Файлы заголовков\Классы">
      <UniqueIdentifier>{39c94f65-6fd1-4809-b662-076b2a142b57}</UniqueIdentifier>
    </Filter>
    <Filter Include="Исходные файлы\Модули">
      <UniqueIdentifier>{01473f78-920d-47a3-aafc-6486b03b47ba}</UniqueIdentifier>
    </Filter>
    <Filter Include="Файлы заголовков\Модули">
      <UniqueIdentifier>{96249976-02a2-434f-b619-13838270ee7d}</UniqueIdentifier>
    </Filter>
  </ItemGroup>
  <ItemGroup>
    <ClCompile Include="Task№1 (Variant№28).cpp">
      <Filter>Исходные файлы</Filter>
    </ClCompile>
    <ClCompile Include="StaticSequence.cpp">
      <Filter>Исходные файлы\Классы</Filter>
    </ClCompile>
    <ClCompile Include="UserInput.cpp">
      <Filter>Исходные файлы\Модули</Filter>
    </ClCompile>
    <ClCompile Include="SieveOfEratosthenes.cpp">
      <Filter>Исходные файлы\Классы</Filter>
    </ClCompile>
  </ItemGroup>
  <ItemGroup>
    <ClInclude Include="StaticSequence.h">
      <Filter>Файлы заголовков\Классы</Filter>
    </ClInclude>
    <ClInclude Include="UserInput.h">
      <Filter>Файлы заголовков\Модули</Filter>
    </ClInclude>
    <ClInclude Include="SieveOfEratosthenes.h">
      <Filter>Файлы заголовков\Классы</Filter>
    </ClInclude>
    <ClInclude Include="Constants.h">
      <Filter>Файлы заголовков\Модули</Filter>
    </ClInclude>
  </ItemGroup>
  <ItemGroup>
    <Text Include="MenuText.txt">
      <Filter>Файлы ресурсов</Filter>
    </Text>
  </ItemGroup>
</Project>