<?xml version="1.0" encoding="utf-8"?>
<Project ToolsVersion="4.0" xmlns="http://schemas.microsoft.com/developer/msbuild/2003">
  <ItemGroup>
    <Filter Include="Исходные файлы">
      <UniqueIdentifier>{4FC737F1-C7A5-4376-A066-2A32D752A2FF}</UniqueIdentifier>
      <Extensions>cpp;c;cc;cxx;c++;cppm;ixx;def;odl;idl;hpj;bat;asm;asmx</Extensions>
    </Filter>
    <Filter Include="Файлы заголовков">
      <UniqueIdentifier>{93995380-89BD-4b04-88EB-625FBE52EBFB}</UniqueIdentifier>
      <Extensions>h;hh;hpp;hxx;h++;hm;inl;inc;ipp;xsd</Extensions>
    </Filter>
    <Filter Include="Файлы ресурсов">
      <UniqueIdentifier>{67DA6AB6-F800-4c08-8B7A-83BB121AAD01}</UniqueIdentifier>
      <Extensions>rc;ico;cur;bmp;dlg;rc2;rct;bin;rgs;gif;jpg;jpeg;jpe;resx;tiff;tif;png;wav;mfcribbon-ms</Extensions>
    </Filter>
    <Filter Include="Файлы заголовков\Классы">
      <UniqueIdentifier>{373f3a58-8167-4f0f-9f81-02eee88663f4}</UniqueIdentifier>
    </Filter>
    <Filter Include="Файлы заголовков\Модули">
      <UniqueIdentifier>{2c993181-b7fb-43a7-8abb-777c1617b786}</UniqueIdentifier>
    </Filter>
    <Filter Include="Файлы заголовков\Структуры">
      <UniqueIdentifier>{aaa7558a-bf7b-46b8-8dff-4c8d9ecccde3}</UniqueIdentifier>
    </Filter>
    <Filter Include="Исходные файлы\Классы">
      <UniqueIdentifier>{a900a068-9326-4c2a-a396-1ccaec12d4d5}</UniqueIdentifier>
    </Filter>
    <Filter Include="Исходные файлы\Модули">
      <UniqueIdentifier>{7ec6980c-4ced-4335-b897-0cde71714b74}</UniqueIdentifier>
    </Filter>
    <Filter Include="Исходные файлы\Структуры">
      <UniqueIdentifier>{35c9524d-a94b-4ce2-b07b-362e9064a2bd}</UniqueIdentifier>
    </Filter>
  </ItemGroup>
  <ItemGroup>
    <ClCompile Include="VectorTable.cpp">
      <Filter>Исходные файлы</Filter>
    </ClCompile>
    <ClCompile Include="Input.cpp">
      <Filter>Исходные файлы\Модули</Filter>
    </ClCompile>
    <ClCompile Include="UserInteraction.cpp">
      <Filter>Исходные файлы\Классы</Filter>
    </ClCompile>
    <ClCompile Include="StudentTable.cpp">
      <Filter>Исходные файлы\Классы</Filter>
    </ClCompile>
    <ClCompile Include="Student.cpp">
      <Filter>Исходные файлы\Структуры</Filter>
    </ClCompile>
  </ItemGroup>
  <ItemGroup>
    <ClInclude Include="Input.h">
      <Filter>Файлы заголовков\Модули</Filter>
    </ClInclude>
    <ClInclude Include="UserInteraction.h">
      <Filter>Файлы заголовков\Классы</Filter>
    </ClInclude>
    <ClInclude Include="StudentTable.h">
      <Filter>Файлы заголовков\Классы</Filter>
    </ClInclude>
    <ClInclude Include="Student.h">
      <Filter>Файлы заголовков\Структуры</Filter>
    </ClInclude>
  </ItemGroup>
  <ItemGroup>
    <Text Include="MenuText.txt">
      <Filter>Файлы ресурсов</Filter>
    </Text>
  </ItemGroup>
</Project>